
Microsoft Visual Studio Solution File, Format Version 12.00
# Visual Studio Version 16
VisualStudioVersion = 16.0.31729.503
MinimumVisualStudioVersion = 10.0.40219.1
Project("{8BC9CEB8-8B4A-11D0-8D11-00A0C91BC942}") = "Server", "Server\Server.vcxproj", "{08865971-B6CE-44C1-8B79-75000D5F2749}"
EndProject
Project("{8BC9CEB8-8B4A-11D0-8D11-00A0C91BC942}") = "Client", "Client\Client.vcxproj", "{62781C3F-369C-4C4D-AE6A-48D63E67F8D2}"
EndProject
Project("{8BC9CEB8-8B4A-11D0-8D11-00A0C91BC942}") = "InvestObject", "InvestObject\InvestObject.vcxproj", "{A8F04FD5-6445-469F-A805-B531712BC5E4}"
EndProject
Project("{8BC9CEB8-8B4A-11D0-8D11-00A0C91BC942}") = "Administrator", "Administrator\Administrator.vcxproj", "{6EB4007F-C063-40AD-8269-0DC961048259}"
EndProject
Project("{8BC9CEB8-8B4A-11D0-8D11-00A0C91BC942}") = "Expert", "Expert\Expert.vcxproj", "{052988B7-D0B1-41E0-968A-EA9CD2892AD6}"
EndProject
Global
	GlobalSection(SolutionConfigurationPlatforms) = preSolution
		Debug|x64 = Debug|x64
		Debug|x86 = Debug|x86
		Release|x64 = Release|x64
		Release|x86 = Release|x86
	EndGlobalSection
	GlobalSection(ProjectConfigurationPlatforms) = postSolution
		{08865971-B6CE-44C1-8B79-75000D5F2749}.Debug|x64.ActiveCfg = Debug|x64
		{08865971-B6CE-44C1-8B79-75000D5F2749}.Debug|x64.Build.0 = Debug|x64
		{08865971-B6CE-44C1-8B79-75000D5F2749}.Debug|x86.ActiveCfg = Debug|Win32
		{08865971-B6CE-44C1-8B79-75000D5F2749}.Debug|x86.Build.0 = Debug|Win32
		{08865971-B6CE-44C1-8B79-75000D5F2749}.Release|x64.ActiveCfg = Release|x64
		{08865971-B6CE-44C1-8B79-75000D5F2749}.Release|x64.Build.0 = Release|x64
		{08865971-B6CE-44C1-8B79-75000D5F2749}.Release|x86.ActiveCfg = Release|Win32
		{08865971-B6CE-44C1-8B79-75000D5F2749}.Release|x86.Build.0 = Release|Win32
		{62781C3F-369C-4C4D-AE6A-48D63E67F8D2}.Debug|x64.ActiveCfg = Debug|x64
		{62781C3F-369C-4C4D-AE6A-48D63E67F8D2}.Debug|x64.Build.0 = Debug|x64
		{62781C3F-369C-4C4D-AE6A-48D63E67F8D2}.Debug|x86.ActiveCfg = Debug|Win32
		{62781C3F-369C-4C4D-AE6A-48D63E67F8D2}.Debug|x86.Build.0 = Debug|Win32
		{62781C3F-369C-4C4D-AE6A-48D63E67F8D2}.Release|x64.ActiveCfg = Release|x64
		{62781C3F-369C-4C4D-AE6A-48D63E67F8D2}.Release|x64.Build.0 = Release|x64
		{62781C3F-369C-4C4D-AE6A-48D63E67F8D2}.Release|x86.ActiveCfg = Release|Win32
		{62781C3F-369C-4C4D-AE6A-48D63E67F8D2}.Release|x86.Build.0 = Release|Win32
		{A8F04FD5-6445-469F-A805-B531712BC5E4}.Debug|x64.ActiveCfg = Debug|x64
		{A8F04FD5-6445-469F-A805-B531712BC5E4}.Debug|x64.Build.0 = Debug|x64
		{A8F04FD5-6445-469F-A805-B531712BC5E4}.Debug|x86.ActiveCfg = Debug|Win32
		{A8F04FD5-6445-469F-A805-B531712BC5E4}.Debug|x86.Build.0 = Debug|Win32
		{A8F04FD5-6445-469F-A805-B531712BC5E4}.Release|x64.ActiveCfg = Release|x64
		{A8F04FD5-6445-469F-A805-B531712BC5E4}.Release|x64.Build.0 = Release|x64
		{A8F04FD5-6445-469F-A805-B531712BC5E4}.Release|x86.ActiveCfg = Release|Win32
		{A8F04FD5-6445-469F-A805-B531712BC5E4}.Release|x86.Build.0 = Release|Win32
		{6EB4007F-C063-40AD-8269-0DC961048259}.Debug|x64.ActiveCfg = Debug|x64
		{6EB4007F-C063-40AD-8269-0DC961048259}.Debug|x64.Build.0 = Debug|x64
		{6EB4007F-C063-40AD-8269-0DC961048259}.Debug|x86.ActiveCfg = Debug|Win32
		{6EB4007F-C063-40AD-8269-0DC961048259}.Debug|x86.Build.0 = Debug|Win32
		{6EB4007F-C063-40AD-8269-0DC961048259}.Release|x64.ActiveCfg = Release|x64
		{6EB4007F-C063-40AD-8269-0DC961048259}.Release|x64.Build.0 = Release|x64
		{6EB4007F-C063-40AD-8269-0DC961048259}.Release|x86.ActiveCfg = Release|Win32
		{6EB4007F-C063-40AD-8269-0DC961048259}.Release|x86.Build.0 = Release|Win32
		{052988B7-D0B1-41E0-968A-EA9CD2892AD6}.Debug|x64.ActiveCfg = Debug|x64
		{052988B7-D0B1-41E0-968A-EA9CD2892AD6}.Debug|x64.Build.0 = Debug|x64
		{052988B7-D0B1-41E0-968A-EA9CD2892AD6}.Debug|x86.ActiveCfg = Debug|Win32
		{052988B7-D0B1-41E0-968A-EA9CD2892AD6}.Debug|x86.Build.0 = Debug|Win32
		{052988B7-D0B1-41E0-968A-EA9CD2892AD6}.Release|x64.ActiveCfg = Release|x64
		{052988B7-D0B1-41E0-968A-EA9CD2892AD6}.Release|x64.Build.0 = Release|x64
		{052988B7-D0B1-41E0-968A-EA9CD2892AD6}.Release|x86.ActiveCfg = Release|Win32
		{052988B7-D0B1-41E0-968A-EA9CD2892AD6}.Release|x86.Build.0 = Release|Win32
	EndGlobalSection
	GlobalSection(SolutionProperties) = preSolution
		HideSolutionNode = FALSE
	EndGlobalSection
	GlobalSection(ExtensibilityGlobals) = postSolution
		SolutionGuid = {B193292F-451A-4F85-97D7-E256C7B2ACD1}
	EndGlobalSection
EndGlobal
